{
    "_readme": [
        "This file locks the dependencies of your project to a known state",
        "Read more about it at http://getcomposer.org/doc/01-basic-usage.md#composer-lock-the-lock-file"
    ],
    "hash": "5922c0c4e56957a738cc7212b10b412a",
    "packages": [
        {
            "name": "sunchaser/services-libravatar",
            "version": "0.2.3-patch1",
            "source": {
                "type": "git",
                "url": "https://github.com/sunchaserinfo/services_libravatar.git",
                "reference": "baadbb0d6f70916a29e3679d33b74e9ea5f2eaae"
            },
            "dist": {
                "type": "zip",
                "url": "https://api.github.com/repos/sunchaserinfo/services_libravatar/zipball/baadbb0d6f70916a29e3679d33b74e9ea5f2eaae",
                "reference": "baadbb0d6f70916a29e3679d33b74e9ea5f2eaae",
                "shasum": ""
            },
            "require": {
                "php": ">= 5.3"
            },
            "replace": {
                "pear-pear.php.net/services_libravatar": "0.2.3",
                "pear-pear/services_libravatar": "0.2.3"
            },
            "type": "library",
            "autoload": {
                "classmap": [
                    "Services"
                ]
            },
            "notification-url": "https://packagist.org/downloads/",
            "license": [
                "MIT"
            ],
            "authors": [
                {
                    "name": "Melissa Draper",
                    "email": "melissa@meldraweb.com"
                }
            ],
            "description": "PHP support for the Libravatar.org service",
            "keywords": [
                "avatar",
                "libravatar"
            ],
            "time": "2014-04-14 21:24:08"
        }
    ],
    "packages-dev": [
        {
            "name": "sunchaser/wp2md",
            "version": "1.0.0",
            "source": {
                "type": "git",
                "url": "https://github.com/sunchaserinfo/wp2md.git",
                "reference": "ea6d1d687c746c789dc490c73be1975e21794f02"
            },
            "dist": {
                "type": "zip",
                "url": "https://api.github.com/repos/sunchaserinfo/wp2md/zipball/ea6d1d687c746c789dc490c73be1975e21794f02",
                "reference": "ea6d1d687c746c789dc490c73be1975e21794f02",
                "shasum": ""
            },
            "require": {
                "php": ">= 5.3.3",
                "symfony/console": "~2.4.4"
            },
            "bin": [
                "bin/wp2md"
            ],
            "type": "library",
            "autoload": {
                "psr-4": {
                    "SunChaser\\WP2MD\\": "src/"
                }
            },
            "notification-url": "https://packagist.org/downloads/",
            "license": [
                "MIT"
            ],
            "authors": [
                {
                    "name": "Christian Archer",
                    "email": "chrstnarchr@aol.com"
                },
                {
                    "name": "Benjamin J. Balter"
                }
            ],
            "description": "Convert WordPress Plugin readme.txt to Markdown",
            "keywords": [
                "converter",
                "markdown",
                "readme",
                "wordpress"
            ],
            "time": "2014-05-10 21:16:34"
        },
        {
            "name": "symfony/console",
            "version": "v2.4.4",
            "target-dir": "Symfony/Component/Console",
            "source": {
                "type": "git",
                "url": "https://github.com/symfony/Console.git",
                "reference": "2e452005b1e1d003d23702d227e23614679eb5ca"
            },
            "dist": {
                "type": "zip",
                "url": "https://api.github.com/repos/symfony/Console/zipball/2e452005b1e1d003d23702d227e23614679eb5ca",
                "reference": "2e452005b1e1d003d23702d227e23614679eb5ca",
                "shasum": ""
            },
            "require": {
                "php": ">=5.3.3"
            },
            "require-dev": {
                "symfony/event-dispatcher": "~2.1"
            },
            "suggest": {
                "symfony/event-dispatcher": ""
            },
            "type": "library",
            "extra": {
                "branch-alias": {
                    "dev-master": "2.4-dev"
                }
            },
            "autoload": {
                "psr-0": {
                    "Symfony\\Component\\Console\\": ""
                }
            },
            "notification-url": "https://packagist.org/downloads/",
            "license": [
                "MIT"
            ],
            "authors": [
                {
                    "name": "Fabien Potencier",
                    "email": "fabien@symfony.com",
                    "homepage": "http://fabien.potencier.org",
                    "role": "Lead Developer"
                },
                {
                    "name": "Symfony Community",
                    "homepage": "http://symfony.com/contributors"
                }
            ],
            "description": "Symfony Console Component",
            "homepage": "http://symfony.com",
            "time": "2014-04-27 13:34:57"
        }
    ],
    "aliases": [

    ],
    "minimum-stability": "stable",
    "stability-flags": [

    ],
    "platform": [

    ],
    "platform-dev": [

    ]
}
